
Microsoft Visual Studio Solution File, Format Version 12.00
# Visual Studio Version 17
VisualStudioVersion = 17.1.32228.430
MinimumVisualStudioVersion = 10.0.40219.1
Project("{FAE04EC0-301F-11D3-BF4B-00C04F79EFBC}") = "Examen1", "Examen1\Examen1.csproj", "{9480A9D6-2044-48FF-B672-890D4C76D5DD}"
EndProject
Global
	GlobalSection(SolutionConfigurationPlatforms) = preSolution
		Debug|Any CPU = Debug|Any CPU
		Release|Any CPU = Release|Any CPU
	EndGlobalSection
	GlobalSection(ProjectConfigurationPlatforms) = postSolution
		{9480A9D6-2044-48FF-B672-890D4C76D5DD}.Debug|Any CPU.ActiveCfg = Debug|Any CPU
		{9480A9D6-2044-48FF-B672-890D4C76D5DD}.Debug|Any CPU.Build.0 = Debug|Any CPU
		{9480A9D6-2044-48FF-B672-890D4C76D5DD}.Release|Any CPU.ActiveCfg = Release|Any CPU
		{9480A9D6-2044-48FF-B672-890D4C76D5DD}.Release|Any CPU.Build.0 = Release|Any CPU
	EndGlobalSection
	GlobalSection(SolutionProperties) = preSolution
		HideSolutionNode = FALSE
	EndGlobalSection
	GlobalSection(ExtensibilityGlobals) = postSolution
		SolutionGuid = {5DD16A43-87B0-4E5E-8C05-A3EE1E110008}
	EndGlobalSection
EndGlobal
